
Microsoft Visual Studio Solution File, Format Version 12.00
# Visual Studio Version 17
VisualStudioVersion = 17.7.34202.233
MinimumVisualStudioVersion = 10.0.40219.1
Project("{9A19103F-16F7-4668-BE54-9A1E7A4F7556}") = "FactoryMethodDP", "FactoryMethodDP\FactoryMethodDP.csproj", "{47AB4B08-2D0E-49D6-A9BF-3315B0A21A67}"
EndProject
Project("{9A19103F-16F7-4668-BE54-9A1E7A4F7556}") = "QuoteFactoryMethod", "FactoryMethod\QuoteFactoryMethod.csproj", "{B75B641B-34FE-4FA6-BF2F-98876E8B1480}"
EndProject
Project("{2150E333-8FDC-42A3-9474-1A3956D46DE8}") = "Éléments de solution", "Éléments de solution", "{8D06F8BE-5E6B-4B7E-8255-BEADEB439962}"
	ProjectSection(SolutionItems) = preProject
		.gitignore = .gitignore
	EndProjectSection
EndProject
Global
	GlobalSection(SolutionConfigurationPlatforms) = preSolution
		Debug|Any CPU = Debug|Any CPU
		Release|Any CPU = Release|Any CPU
	EndGlobalSection
	GlobalSection(ProjectConfigurationPlatforms) = postSolution
		{47AB4B08-2D0E-49D6-A9BF-3315B0A21A67}.Debug|Any CPU.ActiveCfg = Debug|Any CPU
		{47AB4B08-2D0E-49D6-A9BF-3315B0A21A67}.Debug|Any CPU.Build.0 = Debug|Any CPU
		{47AB4B08-2D0E-49D6-A9BF-3315B0A21A67}.Release|Any CPU.ActiveCfg = Release|Any CPU
		{47AB4B08-2D0E-49D6-A9BF-3315B0A21A67}.Release|Any CPU.Build.0 = Release|Any CPU
		{B75B641B-34FE-4FA6-BF2F-98876E8B1480}.Debug|Any CPU.ActiveCfg = Debug|Any CPU
		{B75B641B-34FE-4FA6-BF2F-98876E8B1480}.Debug|Any CPU.Build.0 = Debug|Any CPU
		{B75B641B-34FE-4FA6-BF2F-98876E8B1480}.Release|Any CPU.ActiveCfg = Release|Any CPU
		{B75B641B-34FE-4FA6-BF2F-98876E8B1480}.Release|Any CPU.Build.0 = Release|Any CPU
	EndGlobalSection
	GlobalSection(SolutionProperties) = preSolution
		HideSolutionNode = FALSE
	EndGlobalSection
	GlobalSection(ExtensibilityGlobals) = postSolution
		SolutionGuid = {78B1068C-7A46-45FB-9404-077B1A844B83}
	EndGlobalSection
EndGlobal
